// !$*UTF8*$!
{
	archiveVersion = 1;
	classes = {
	};
	objectVersion = 50;
	objects = {

/* Begin PBXBuildFile section */
		CDC4D1C7269678D9002A556F /* Tests_iOS.swift in Sources */ = {isa = PBXBuildFile; fileRef = CDC4D1C6269678D9002A556F /* Tests_iOS.swift */; };
		CDC4D1D2269678D9002A556F /* Tests_macOS.swift in Sources */ = {isa = PBXBuildFile; fileRef = CDC4D1D1269678D9002A556F /* Tests_macOS.swift */; };
		CDC4D1D4269678D9002A556F /* peepeepoopooApp.swift in Sources */ = {isa = PBXBuildFile; fileRef = CDC4D1AA269678D4002A556F /* peepeepoopooApp.swift */; };
		CDC4D1D5269678D9002A556F /* peepeepoopooApp.swift in Sources */ = {isa = PBXBuildFile; fileRef = CDC4D1AA269678D4002A556F /* peepeepoopooApp.swift */; };
		CDC4D1D6269678D9002A556F /* peepeepoopooDocument.swift in Sources */ = {isa = PBXBuildFile; fileRef = CDC4D1AB269678D4002A556F /* peepeepoopooDocument.swift */; };
		CDC4D1D7269678D9002A556F /* peepeepoopooDocument.swift in Sources */ = {isa = PBXBuildFile; fileRef = CDC4D1AB269678D4002A556F /* peepeepoopooDocument.swift */; };
		CDC4D1D8269678D9002A556F /* ContentView.swift in Sources */ = {isa = PBXBuildFile; fileRef = CDC4D1AC269678D4002A556F /* ContentView.swift */; };
		CDC4D1D9269678D9002A556F /* ContentView.swift in Sources */ = {isa = PBXBuildFile; fileRef = CDC4D1AC269678D4002A556F /* ContentView.swift */; };
		CDC4D1DA269678D9002A556F /* Assets.xcassets in Resources */ = {isa = PBXBuildFile; fileRef = CDC4D1AD269678D8002A556F /* Assets.xcassets */; };
		CDC4D1DB269678D9002A556F /* Assets.xcassets in Resources */ = {isa = PBXBuildFile; fileRef = CDC4D1AD269678D8002A556F /* Assets.xcassets */; };
/* End PBXBuildFile section */

/* Begin PBXContainerItemProxy section */
		CDC4D1C3269678D9002A556F /* PBXContainerItemProxy */ = {
			isa = PBXContainerItemProxy;
			containerPortal = CDC4D1A5269678D4002A556F /* Project object */;
			proxyType = 1;
			remoteGlobalIDString = CDC4D1B1269678D9002A556F;
			remoteInfo = "peepeepoopoo (iOS)";
		};
		CDC4D1CE269678D9002A556F /* PBXContainerItemProxy */ = {
			isa = PBXContainerItemProxy;
			containerPortal = CDC4D1A5269678D4002A556F /* Project object */;
			proxyType = 1;
			remoteGlobalIDString = CDC4D1B9269678D9002A556F;
			remoteInfo = "peepeepoopoo (macOS)";
		};
/* End PBXContainerItemProxy section */

/* Begin PBXFileReference section */
		CDC4D1AA269678D4002A556F /* peepeepoopooApp.swift */ = {isa = PBXFileReference; lastKnownFileType = sourcecode.swift; path = peepeepoopooApp.swift; sourceTree = "<group>"; };
		CDC4D1AB269678D4002A556F /* peepeepoopooDocument.swift */ = {isa = PBXFileReference; lastKnownFileType = sourcecode.swift; path = peepeepoopooDocument.swift; sourceTree = "<group>"; };
		CDC4D1AC269678D4002A556F /* ContentView.swift */ = {isa = PBXFileReference; lastKnownFileType = sourcecode.swift; path = ContentView.swift; sourceTree = "<group>"; };
		CDC4D1AD269678D8002A556F /* Assets.xcassets */ = {isa = PBXFileReference; lastKnownFileType = folder.assetcatalog; path = Assets.xcassets; sourceTree = "<group>"; };
		CDC4D1B2269678D9002A556F /* peepeepoopoo.app */ = {isa = PBXFileReference; explicitFileType = wrapper.application; includeInIndex = 0; path = peepeepoopoo.app; sourceTree = BUILT_PRODUCTS_DIR; };
		CDC4D1B5269678D9002A556F /* Info.plist */ = {isa = PBXFileReference; lastKnownFileType = text.plist.xml; path = Info.plist; sourceTree = "<group>"; };
		CDC4D1BA269678D9002A556F /* peepeepoopoo.app */ = {isa = PBXFileReference; explicitFileType = wrapper.application; includeInIndex = 0; path = peepeepoopoo.app; sourceTree = BUILT_PRODUCTS_DIR; };
		CDC4D1BC269678D9002A556F /* Info.plist */ = {isa = PBXFileReference; lastKnownFileType = text.plist.xml; path = Info.plist; sourceTree = "<group>"; };
		CDC4D1BD269678D9002A556F /* macOS.entitlements */ = {isa = PBXFileReference; lastKnownFileType = text.plist.entitlements; path = macOS.entitlements; sourceTree = "<group>"; };
		CDC4D1C2269678D9002A556F /* Tests iOS.xctest */ = {isa = PBXFileReference; explicitFileType = wrapper.cfbundle; includeInIndex = 0; path = "Tests iOS.xctest"; sourceTree = BUILT_PRODUCTS_DIR; };
		CDC4D1C6269678D9002A556F /* Tests_iOS.swift */ = {isa = PBXFileReference; lastKnownFileType = sourcecode.swift; path = Tests_iOS.swift; sourceTree = "<group>"; };
		CDC4D1C8269678D9002A556F /* Info.plist */ = {isa = PBXFileReference; lastKnownFileType = text.plist.xml; path = Info.plist; sourceTree = "<group>"; };
		CDC4D1CD269678D9002A556F /* Tests macOS.xctest */ = {isa = PBXFileReference; explicitFileType = wrapper.cfbundle; includeInIndex = 0; path = "Tests macOS.xctest"; sourceTree = BUILT_PRODUCTS_DIR; };
		CDC4D1D1269678D9002A556F /* Tests_macOS.swift */ = {isa = PBXFileReference; lastKnownFileType = sourcecode.swift; path = Tests_macOS.swift; sourceTree = "<group>"; };
		CDC4D1D3269678D9002A556F /* Info.plist */ = {isa = PBXFileReference; lastKnownFileType = text.plist.xml; path = Info.plist; sourceTree = "<group>"; };
/* End PBXFileReference section */

/* Begin PBXFrameworksBuildPhase section */
		CDC4D1AF269678D9002A556F /* Frameworks */ = {
			isa = PBXFrameworksBuildPhase;
			buildActionMask = 2147483647;
			files = (
			);
			runOnlyForDeploymentPostprocessing = 0;
		};
		CDC4D1B7269678D9002A556F /* Frameworks */ = {
			isa = PBXFrameworksBuildPhase;
			buildActionMask = 2147483647;
			files = (
			);
			runOnlyForDeploymentPostprocessing = 0;
		};
		CDC4D1BF269678D9002A556F /* Frameworks */ = {
			isa = PBXFrameworksBuildPhase;
			buildActionMask = 2147483647;
			files = (
			);
			runOnlyForDeploymentPostprocessing = 0;
		};
		CDC4D1CA269678D9002A556F /* Frameworks */ = {
			isa = PBXFrameworksBuildPhase;
			buildActionMask = 2147483647;
			files = (
			);
			runOnlyForDeploymentPostprocessing = 0;
		};
/* End PBXFrameworksBuildPhase section */

/* Begin PBXGroup section */
		CDC4D1A4269678D4002A556F = {
			isa = PBXGroup;
			children = (
				CDC4D1A9269678D4002A556F /* Shared */,
				CDC4D1B4269678D9002A556F /* iOS */,
				CDC4D1BB269678D9002A556F /* macOS */,
				CDC4D1C5269678D9002A556F /* Tests iOS */,
				CDC4D1D0269678D9002A556F /* Tests macOS */,
				CDC4D1B3269678D9002A556F /* Products */,
			);
			sourceTree = "<group>";
		};
		CDC4D1A9269678D4002A556F /* Shared */ = {
			isa = PBXGroup;
			children = (
				CDC4D1AA269678D4002A556F /* peepeepoopooApp.swift */,
				CDC4D1AB269678D4002A556F /* peepeepoopooDocument.swift */,
				CDC4D1AC269678D4002A556F /* ContentView.swift */,
				CDC4D1AD269678D8002A556F /* Assets.xcassets */,
			);
			path = Shared;
			sourceTree = "<group>";
		};
		CDC4D1B3269678D9002A556F /* Products */ = {
			isa = PBXGroup;
			children = (
				CDC4D1B2269678D9002A556F /* peepeepoopoo.app */,
				CDC4D1BA269678D9002A556F /* peepeepoopoo.app */,
				CDC4D1C2269678D9002A556F /* Tests iOS.xctest */,
				CDC4D1CD269678D9002A556F /* Tests macOS.xctest */,
			);
			name = Products;
			sourceTree = "<group>";
		};
		CDC4D1B4269678D9002A556F /* iOS */ = {
			isa = PBXGroup;
			children = (
				CDC4D1B5269678D9002A556F /* Info.plist */,
			);
			path = iOS;
			sourceTree = "<group>";
		};
		CDC4D1BB269678D9002A556F /* macOS */ = {
			isa = PBXGroup;
			children = (
				CDC4D1BC269678D9002A556F /* Info.plist */,
				CDC4D1BD269678D9002A556F /* macOS.entitlements */,
			);
			path = macOS;
			sourceTree = "<group>";
		};
		CDC4D1C5269678D9002A556F /* Tests iOS */ = {
			isa = PBXGroup;
			children = (
				CDC4D1C6269678D9002A556F /* Tests_iOS.swift */,
				CDC4D1C8269678D9002A556F /* Info.plist */,
			);
			path = "Tests iOS";
			sourceTree = "<group>";
		};
		CDC4D1D0269678D9002A556F /* Tests macOS */ = {
			isa = PBXGroup;
			children = (
				CDC4D1D1269678D9002A556F /* Tests_macOS.swift */,
				CDC4D1D3269678D9002A556F /* Info.plist */,
			);
			path = "Tests macOS";
			sourceTree = "<group>";
		};
/* End PBXGroup section */

/* Begin PBXNativeTarget section */
		CDC4D1B1269678D9002A556F /* peepeepoopoo (iOS) */ = {
			isa = PBXNativeTarget;
			buildConfigurationList = CDC4D1DE269678D9002A556F /* Build configuration list for PBXNativeTarget "peepeepoopoo (iOS)" */;
			buildPhases = (
				CDC4D1AE269678D9002A556F /* Sources */,
				CDC4D1AF269678D9002A556F /* Frameworks */,
				CDC4D1B0269678D9002A556F /* Resources */,
			);
			buildRules = (
			);
			dependencies = (
			);
			name = "peepeepoopoo (iOS)";
			productName = "peepeepoopoo (iOS)";
			productReference = CDC4D1B2269678D9002A556F /* peepeepoopoo.app */;
			productType = "com.apple.product-type.application";
		};
		CDC4D1B9269678D9002A556F /* peepeepoopoo (macOS) */ = {
			isa = PBXNativeTarget;
			buildConfigurationList = CDC4D1E1269678D9002A556F /* Build configuration list for PBXNativeTarget "peepeepoopoo (macOS)" */;
			buildPhases = (
				CDC4D1B6269678D9002A556F /* Sources */,
				CDC4D1B7269678D9002A556F /* Frameworks */,
				CDC4D1B8269678D9002A556F /* Resources */,
			);
			buildRules = (
			);
			dependencies = (
			);
			name = "peepeepoopoo (macOS)";
			productName = "peepeepoopoo (macOS)";
			productReference = CDC4D1BA269678D9002A556F /* peepeepoopoo.app */;
			productType = "com.apple.product-type.application";
		};
		CDC4D1C1269678D9002A556F /* Tests iOS */ = {
			isa = PBXNativeTarget;
			buildConfigurationList = CDC4D1E4269678D9002A556F /* Build configuration list for PBXNativeTarget "Tests iOS" */;
			buildPhases = (
				CDC4D1BE269678D9002A556F /* Sources */,
				CDC4D1BF269678D9002A556F /* Frameworks */,
				CDC4D1C0269678D9002A556F /* Resources */,
			);
			buildRules = (
			);
			dependencies = (
				CDC4D1C4269678D9002A556F /* PBXTargetDependency */,
			);
			name = "Tests iOS";
			productName = "Tests iOS";
			productReference = CDC4D1C2269678D9002A556F /* Tests iOS.xctest */;
			productType = "com.apple.product-type.bundle.ui-testing";
		};
		CDC4D1CC269678D9002A556F /* Tests macOS */ = {
			isa = PBXNativeTarget;
			buildConfigurationList = CDC4D1E7269678D9002A556F /* Build configuration list for PBXNativeTarget "Tests macOS" */;
			buildPhases = (
				CDC4D1C9269678D9002A556F /* Sources */,
				CDC4D1CA269678D9002A556F /* Frameworks */,
				CDC4D1CB269678D9002A556F /* Resources */,
			);
			buildRules = (
			);
			dependencies = (
				CDC4D1CF269678D9002A556F /* PBXTargetDependency */,
			);
			name = "Tests macOS";
			productName = "Tests macOS";
			productReference = CDC4D1CD269678D9002A556F /* Tests macOS.xctest */;
			productType = "com.apple.product-type.bundle.ui-testing";
		};
/* End PBXNativeTarget section */

/* Begin PBXProject section */
		CDC4D1A5269678D4002A556F /* Project object */ = {
			isa = PBXProject;
			attributes = {
				LastSwiftUpdateCheck = 1250;
				LastUpgradeCheck = 1250;
				TargetAttributes = {
					CDC4D1B1269678D9002A556F = {
						CreatedOnToolsVersion = 12.5.1;
					};
					CDC4D1B9269678D9002A556F = {
						CreatedOnToolsVersion = 12.5.1;
					};
					CDC4D1C1269678D9002A556F = {
						CreatedOnToolsVersion = 12.5.1;
						TestTargetID = CDC4D1B1269678D9002A556F;
					};
					CDC4D1CC269678D9002A556F = {
						CreatedOnToolsVersion = 12.5.1;
						TestTargetID = CDC4D1B9269678D9002A556F;
					};
				};
			};
			buildConfigurationList = CDC4D1A8269678D4002A556F /* Build configuration list for PBXProject "peepeepoopoo" */;
			compatibilityVersion = "Xcode 9.3";
			developmentRegion = en;
			hasScannedForEncodings = 0;
			knownRegions = (
				en,
				Base,
			);
			mainGroup = CDC4D1A4269678D4002A556F;
			productRefGroup = CDC4D1B3269678D9002A556F /* Products */;
			projectDirPath = "";
			projectRoot = "";
			targets = (
				CDC4D1B1269678D9002A556F /* peepeepoopoo (iOS) */,
				CDC4D1B9269678D9002A556F /* peepeepoopoo (macOS) */,
				CDC4D1C1269678D9002A556F /* Tests iOS */,
				CDC4D1CC269678D9002A556F /* Tests macOS */,
			);
		};
/* End PBXProject section */

/* Begin PBXResourcesBuildPhase section */
		CDC4D1B0269678D9002A556F /* Resources */ = {
			isa = PBXResourcesBuildPhase;
			buildActionMask = 2147483647;
			files = (
				CDC4D1DA269678D9002A556F /* Assets.xcassets in Resources */,
			);
			runOnlyForDeploymentPostprocessing = 0;
		};
		CDC4D1B8269678D9002A556F /* Resources */ = {
			isa = PBXResourcesBuildPhase;
			buildActionMask = 2147483647;
			files = (
				CDC4D1DB269678D9002A556F /* Assets.xcassets in Resources */,
			);
			runOnlyForDeploymentPostprocessing = 0;
		};
		CDC4D1C0269678D9002A556F /* Resources */ = {
			isa = PBXResourcesBuildPhase;
			buildActionMask = 2147483647;
			files = (
			);
			runOnlyForDeploymentPostprocessing = 0;
		};
		CDC4D1CB269678D9002A556F /* Resources */ = {
			isa = PBXResourcesBuildPhase;
			buildActionMask = 2147483647;
			files = (
			);
			runOnlyForDeploymentPostprocessing = 0;
		};
/* End PBXResourcesBuildPhase section */

/* Begin PBXSourcesBuildPhase section */
		CDC4D1AE269678D9002A556F /* Sources */ = {
			isa = PBXSourcesBuildPhase;
			buildActionMask = 2147483647;
			files = (
				CDC4D1D6269678D9002A556F /* peepeepoopooDocument.swift in Sources */,
				CDC4D1D4269678D9002A556F /* peepeepoopooApp.swift in Sources */,
				CDC4D1D8269678D9002A556F /* ContentView.swift in Sources */,
			);
			runOnlyForDeploymentPostprocessing = 0;
		};
		CDC4D1B6269678D9002A556F /* Sources */ = {
			isa = PBXSourcesBuildPhase;
			buildActionMask = 2147483647;
			files = (
				CDC4D1D7269678D9002A556F /* peepeepoopooDocument.swift in Sources */,
				CDC4D1D5269678D9002A556F /* peepeepoopooApp.swift in Sources */,
				CDC4D1D9269678D9002A556F /* ContentView.swift in Sources */,
			);
			runOnlyForDeploymentPostprocessing = 0;
		};
		CDC4D1BE269678D9002A556F /* Sources */ = {
			isa = PBXSourcesBuildPhase;
			buildActionMask = 2147483647;
			files = (
				CDC4D1C7269678D9002A556F /* Tests_iOS.swift in Sources */,
			);
			runOnlyForDeploymentPostprocessing = 0;
		};
		CDC4D1C9269678D9002A556F /* Sources */ = {
			isa = PBXSourcesBuildPhase;
			buildActionMask = 2147483647;
			files = (
				CDC4D1D2269678D9002A556F /* Tests_macOS.swift in Sources */,
			);
			runOnlyForDeploymentPostprocessing = 0;
		};
/* End PBXSourcesBuildPhase section */

/* Begin PBXTargetDependency section */
		CDC4D1C4269678D9002A556F /* PBXTargetDependency */ = {
			isa = PBXTargetDependency;
			target = CDC4D1B1269678D9002A556F /* peepeepoopoo (iOS) */;
			targetProxy = CDC4D1C3269678D9002A556F /* PBXContainerItemProxy */;
		};
		CDC4D1CF269678D9002A556F /* PBXTargetDependency */ = {
			isa = PBXTargetDependency;
			target = CDC4D1B9269678D9002A556F /* peepeepoopoo (macOS) */;
			targetProxy = CDC4D1CE269678D9002A556F /* PBXContainerItemProxy */;
		};
/* End PBXTargetDependency section */

/* Begin XCBuildConfiguration section */
		CDC4D1DC269678D9002A556F /* Debug */ = {
			isa = XCBuildConfiguration;
			buildSettings = {
				ALWAYS_SEARCH_USER_PATHS = NO;
				CLANG_ANALYZER_NONNULL = YES;
				CLANG_ANALYZER_NUMBER_OBJECT_CONVERSION = YES_AGGRESSIVE;
				CLANG_CXX_LANGUAGE_STANDARD = "gnu++14";
				CLANG_CXX_LIBRARY = "libc++";
				CLANG_ENABLE_MODULES = YES;
				CLANG_ENABLE_OBJC_ARC = YES;
				CLANG_ENABLE_OBJC_WEAK = YES;
				CLANG_WARN_BLOCK_CAPTURE_AUTORELEASING = YES;
				CLANG_WARN_BOOL_CONVERSION = YES;
				CLANG_WARN_COMMA = YES;
				CLANG_WARN_CONSTANT_CONVERSION = YES;
				CLANG_WARN_DEPRECATED_OBJC_IMPLEMENTATIONS = YES;
				CLANG_WARN_DIRECT_OBJC_ISA_USAGE = YES_ERROR;
				CLANG_WARN_DOCUMENTATION_COMMENTS = YES;
				CLANG_WARN_EMPTY_BODY = YES;
				CLANG_WARN_ENUM_CONVERSION = YES;
				CLANG_WARN_INFINITE_RECURSION = YES;
				CLANG_WARN_INT_CONVERSION = YES;
				CLANG_WARN_NON_LITERAL_NULL_CONVERSION = YES;
				CLANG_WARN_OBJC_IMPLICIT_RETAIN_SELF = YES;
				CLANG_WARN_OBJC_LITERAL_CONVERSION = YES;
				CLANG_WARN_OBJC_ROOT_CLASS = YES_ERROR;
				CLANG_WARN_QUOTED_INCLUDE_IN_FRAMEWORK_HEADER = YES;
				CLANG_WARN_RANGE_LOOP_ANALYSIS = YES;
				CLANG_WARN_STRICT_PROTOTYPES = YES;
				CLANG_WARN_SUSPICIOUS_MOVE = YES;
				CLANG_WARN_UNGUARDED_AVAILABILITY = YES_AGGRESSIVE;
				CLANG_WARN_UNREACHABLE_CODE = YES;
				CLANG_WARN__DUPLICATE_METHOD_MATCH = YES;
				COPY_PHASE_STRIP = NO;
				DEBUG_INFORMATION_FORMAT = dwarf;
				ENABLE_STRICT_OBJC_MSGSEND = YES;
				ENABLE_TESTABILITY = YES;
				GCC_C_LANGUAGE_STANDARD = gnu11;
				GCC_DYNAMIC_NO_PIC = NO;
				GCC_NO_COMMON_BLOCKS = YES;
				GCC_OPTIMIZATION_LEVEL = 0;
				GCC_PREPROCESSOR_DEFINITIONS = (
					"DEBUG=1",
					"$(inherited)",
				);
				GCC_WARN_64_TO_32_BIT_CONVERSION = YES;
				GCC_WARN_ABOUT_RETURN_TYPE = YES_ERROR;
				GCC_WARN_UNDECLARED_SELECTOR = YES;
				GCC_WARN_UNINITIALIZED_AUTOS = YES_AGGRESSIVE;
				GCC_WARN_UNUSED_FUNCTION = YES;
				GCC_WARN_UNUSED_VARIABLE = YES;
				MTL_ENABLE_DEBUG_INFO = INCLUDE_SOURCE;
				MTL_FAST_MATH = YES;
				ONLY_ACTIVE_ARCH = YES;
				SWIFT_ACTIVE_COMPILATION_CONDITIONS = DEBUG;
				SWIFT_OPTIMIZATION_LEVEL = "-Onone";
			};
			name = Debug;
		};
		CDC4D1DD269678D9002A556F /* Release */ = {
			isa = XCBuildConfiguration;
			buildSettings = {
				ALWAYS_SEARCH_USER_PATHS = NO;
				CLANG_ANALYZER_NONNULL = YES;
				CLANG_ANALYZER_NUMBER_OBJECT_CONVERSION = YES_AGGRESSIVE;
				CLANG_CXX_LANGUAGE_STANDARD = "gnu++14";
				CLANG_CXX_LIBRARY = "libc++";
				CLANG_ENABLE_MODULES = YES;
				CLANG_ENABLE_OBJC_ARC = YES;
				CLANG_ENABLE_OBJC_WEAK = YES;
				CLANG_WARN_BLOCK_CAPTURE_AUTORELEASING = YES;
				CLANG_WARN_BOOL_CONVERSION = YES;
				CLANG_WARN_COMMA = YES;
				CLANG_WARN_CONSTANT_CONVERSION = YES;
				CLANG_WARN_DEPRECATED_OBJC_IMPLEMENTATIONS = YES;
				CLANG_WARN_DIRECT_OBJC_ISA_USAGE = YES_ERROR;
				CLANG_WARN_DOCUMENTATION_COMMENTS = YES;
				CLANG_WARN_EMPTY_BODY = YES;
				CLANG_WARN_ENUM_CONVERSION = YES;
				CLANG_WARN_INFINITE_RECURSION = YES;
				CLANG_WARN_INT_CONVERSION = YES;
				CLANG_WARN_NON_LITERAL_NULL_CONVERSION = YES;
				CLANG_WARN_OBJC_IMPLICIT_RETAIN_SELF = YES;
				CLANG_WARN_OBJC_LITERAL_CONVERSION = YES;
				CLANG_WARN_OBJC_ROOT_CLASS = YES_ERROR;
				CLANG_WARN_QUOTED_INCLUDE_IN_FRAMEWORK_HEADER = YES;
				CLANG_WARN_RANGE_LOOP_ANALYSIS = YES;
				CLANG_WARN_STRICT_PROTOTYPES = YES;
				CLANG_WARN_SUSPICIOUS_MOVE = YES;
				CLANG_WARN_UNGUARDED_AVAILABILITY = YES_AGGRESSIVE;
				CLANG_WARN_UNREACHABLE_CODE = YES;
				CLANG_WARN__DUPLICATE_METHOD_MATCH = YES;
				COPY_PHASE_STRIP = NO;
				DEBUG_INFORMATION_FORMAT = "dwarf-with-dsym";
				ENABLE_NS_ASSERTIONS = NO;
				ENABLE_STRICT_OBJC_MSGSEND = YES;
				GCC_C_LANGUAGE_STANDARD = gnu11;
				GCC_NO_COMMON_BLOCKS = YES;
				GCC_WARN_64_TO_32_BIT_CONVERSION = YES;
				GCC_WARN_ABOUT_RETURN_TYPE = YES_ERROR;
				GCC_WARN_UNDECLARED_SELECTOR = YES;
				GCC_WARN_UNINITIALIZED_AUTOS = YES_AGGRESSIVE;
				GCC_WARN_UNUSED_FUNCTION = YES;
				GCC_WARN_UNUSED_VARIABLE = YES;
				MTL_ENABLE_DEBUG_INFO = NO;
				MTL_FAST_MATH = YES;
				SWIFT_COMPILATION_MODE = wholemodule;
				SWIFT_OPTIMIZATION_LEVEL = "-O";
			};
			name = Release;
		};
		CDC4D1DF269678D9002A556F /* Debug */ = {
			isa = XCBuildConfiguration;
			buildSettings = {
				ASSETCATALOG_COMPILER_APPICON_NAME = AppIcon;
				ASSETCATALOG_COMPILER_GLOBAL_ACCENT_COLOR_NAME = AccentColor;
				CODE_SIGN_STYLE = Automatic;
				ENABLE_PREVIEWS = YES;
				INFOPLIST_FILE = iOS/Info.plist;
				IPHONEOS_DEPLOYMENT_TARGET = 14.0;
				LD_RUNPATH_SEARCH_PATHS = (
					"$(inherited)",
					"@executable_path/Frameworks",
				);
				PRODUCT_BUNDLE_IDENTIFIER = cum.peepeepoopoo;
				PRODUCT_NAME = peepeepoopoo;
				SDKROOT = iphoneos;
				SWIFT_VERSION = 5.0;
				TARGETED_DEVICE_FAMILY = "1,2";
			};
			name = Debug;
		};
		CDC4D1E0269678D9002A556F /* Release */ = {
			isa = XCBuildConfiguration;
			buildSettings = {
				ASSETCATALOG_COMPILER_APPICON_NAME = AppIcon;
				ASSETCATALOG_COMPILER_GLOBAL_ACCENT_COLOR_NAME = AccentColor;
				CODE_SIGN_STYLE = Automatic;
				ENABLE_PREVIEWS = YES;
				INFOPLIST_FILE = iOS/Info.plist;
				IPHONEOS_DEPLOYMENT_TARGET = 14.0;
				LD_RUNPATH_SEARCH_PATHS = (
					"$(inherited)",
					"@executable_path/Frameworks",
				);
				PRODUCT_BUNDLE_IDENTIFIER = cum.peepeepoopoo;
				PRODUCT_NAME = peepeepoopoo;
				SDKROOT = iphoneos;
				SWIFT_VERSION = 5.0;
				TARGETED_DEVICE_FAMILY = "1,2";
				VALIDATE_PRODUCT = YES;
			};
			name = Release;
		};
		CDC4D1E2269678D9002A556F /* Debug */ = {
			isa = XCBuildConfiguration;
			buildSettings = {
				ASSETCATALOG_COMPILER_APPICON_NAME = AppIcon;
				ASSETCATALOG_COMPILER_GLOBAL_ACCENT_COLOR_NAME = AccentColor;
				CODE_SIGN_ENTITLEMENTS = macOS/macOS.entitlements;
				CODE_SIGN_STYLE = Automatic;
				COMBINE_HIDPI_IMAGES = YES;
				ENABLE_PREVIEWS = YES;
				INFOPLIST_FILE = macOS/Info.plist;
				LD_RUNPATH_SEARCH_PATHS = (
					"$(inherited)",
					"@executable_path/../Frameworks",
				);
				MACOSX_DEPLOYMENT_TARGET = 11.0;
				PRODUCT_BUNDLE_IDENTIFIER = cum.peepeepoopoo;
				PRODUCT_NAME = peepeepoopoo;
				SDKROOT = macosx;
				SWIFT_VERSION = 5.0;
			};
			name = Debug;
		};
		CDC4D1E3269678D9002A556F /* Release */ = {
			isa = XCBuildConfiguration;
			buildSettings = {
				ASSETCATALOG_COMPILER_APPICON_NAME = AppIcon;
				ASSETCATALOG_COMPILER_GLOBAL_ACCENT_COLOR_NAME = AccentColor;
				CODE_SIGN_ENTITLEMENTS = macOS/macOS.entitlements;
				CODE_SIGN_STYLE = Automatic;
				COMBINE_HIDPI_IMAGES = YES;
				ENABLE_PREVIEWS = YES;
				INFOPLIST_FILE = macOS/Info.plist;
				LD_RUNPATH_SEARCH_PATHS = (
					"$(inherited)",
					"@executable_path/../Frameworks",
				);
				MACOSX_DEPLOYMENT_TARGET = 11.0;
				PRODUCT_BUNDLE_IDENTIFIER = cum.peepeepoopoo;
				PRODUCT_NAME = peepeepoopoo;
				SDKROOT = macosx;
				SWIFT_VERSION = 5.0;
			};
			name = Release;
		};
		CDC4D1E5269678D9002A556F /* Debug */ = {
			isa = XCBuildConfiguration;
			buildSettings = {
				ALWAYS_EMBED_SWIFT_STANDARD_LIBRARIES = YES;
				CODE_SIGN_STYLE = Automatic;
				INFOPLIST_FILE = "Tests iOS/Info.plist";
				IPHONEOS_DEPLOYMENT_TARGET = 14.5;
				LD_RUNPATH_SEARCH_PATHS = (
					"$(inherited)",
					"@executable_path/Frameworks",
					"@loader_path/Frameworks",
				);
				PRODUCT_BUNDLE_IDENTIFIER = "cum.Tests-iOS";
				PRODUCT_NAME = "$(TARGET_NAME)";
				SDKROOT = iphoneos;
				SWIFT_VERSION = 5.0;
				TARGETED_DEVICE_FAMILY = "1,2";
				TEST_TARGET_NAME = "peepeepoopoo (iOS)";
			};
			name = Debug;
		};
		CDC4D1E6269678D9002A556F /* Release */ = {
			isa = XCBuildConfiguration;
			buildSettings = {
				ALWAYS_EMBED_SWIFT_STANDARD_LIBRARIES = YES;
				CODE_SIGN_STYLE = Automatic;
				INFOPLIST_FILE = "Tests iOS/Info.plist";
				IPHONEOS_DEPLOYMENT_TARGET = 14.5;
				LD_RUNPATH_SEARCH_PATHS = (
					"$(inherited)",
					"@executable_path/Frameworks",
					"@loader_path/Frameworks",
				);
				PRODUCT_BUNDLE_IDENTIFIER = "cum.Tests-iOS";
				PRODUCT_NAME = "$(TARGET_NAME)";
				SDKROOT = iphoneos;
				SWIFT_VERSION = 5.0;
				TARGETED_DEVICE_FAMILY = "1,2";
				TEST_TARGET_NAME = "peepeepoopoo (iOS)";
				VALIDATE_PRODUCT = YES;
			};
			name = Release;
		};
		CDC4D1E8269678D9002A556F /* Debug */ = {
			isa = XCBuildConfiguration;
			buildSettings = {
				ALWAYS_EMBED_SWIFT_STANDARD_LIBRARIES = YES;
				CODE_SIGN_STYLE = Automatic;
				COMBINE_HIDPI_IMAGES = YES;
				INFOPLIST_FILE = "Tests macOS/Info.plist";
				LD_RUNPATH_SEARCH_PATHS = (
					"$(inherited)",
					"@executable_path/../Frameworks",
					"@loader_path/../Frameworks",
				);
				MACOSX_DEPLOYMENT_TARGET = 11.3;
				PRODUCT_BUNDLE_IDENTIFIER = "cum.Tests-macOS";
				PRODUCT_NAME = "$(TARGET_NAME)";
				SDKROOT = macosx;
				SWIFT_VERSION = 5.0;
				TEST_TARGET_NAME = "peepeepoopoo (macOS)";
			};
			name = Debug;
		};
		CDC4D1E9269678D9002A556F /* Release */ = {
			isa = XCBuildConfiguration;
			buildSettings = {
				ALWAYS_EMBED_SWIFT_STANDARD_LIBRARIES = YES;
				CODE_SIGN_STYLE = Automatic;
				COMBINE_HIDPI_IMAGES = YES;
				INFOPLIST_FILE = "Tests macOS/Info.plist";
				LD_RUNPATH_SEARCH_PATHS = (
					"$(inherited)",
					"@executable_path/../Frameworks",
					"@loader_path/../Frameworks",
				);
				MACOSX_DEPLOYMENT_TARGET = 11.3;
				PRODUCT_BUNDLE_IDENTIFIER = "cum.Tests-macOS";
				PRODUCT_NAME = "$(TARGET_NAME)";
				SDKROOT = macosx;
				SWIFT_VERSION = 5.0;
				TEST_TARGET_NAME = "peepeepoopoo (macOS)";
			};
			name = Release;
		};
/* End XCBuildConfiguration section */

/* Begin XCConfigurationList section */
		CDC4D1A8269678D4002A556F /* Build configuration list for PBXProject "peepeepoopoo" */ = {
			isa = XCConfigurationList;
			buildConfigurations = (
				CDC4D1DC269678D9002A556F /* Debug */,
				CDC4D1DD269678D9002A556F /* Release */,
			);
			defaultConfigurationIsVisible = 0;
			defaultConfigurationName = Release;
		};
		CDC4D1DE269678D9002A556F /* Build configuration list for PBXNativeTarget "peepeepoopoo (iOS)" */ = {
			isa = XCConfigurationList;
			buildConfigurations = (
				CDC4D1DF269678D9002A556F /* Debug */,
				CDC4D1E0269678D9002A556F /* Release */,
			);
			defaultConfigurationIsVisible = 0;
			defaultConfigurationName = Release;
		};
		CDC4D1E1269678D9002A556F /* Build configuration list for PBXNativeTarget "peepeepoopoo (macOS)" */ = {
			isa = XCConfigurationList;
			buildConfigurations = (
				CDC4D1E2269678D9002A556F /* Debug */,
				CDC4D1E3269678D9002A556F /* Release */,
			);
			defaultConfigurationIsVisible = 0;
			defaultConfigurationName = Release;
		};
		CDC4D1E4269678D9002A556F /* Build configuration list for PBXNativeTarget "Tests iOS" */ = {
			isa = XCConfigurationList;
			buildConfigurations = (
				CDC4D1E5269678D9002A556F /* Debug */,
				CDC4D1E6269678D9002A556F /* Release */,
			);
			defaultConfigurationIsVisible = 0;
			defaultConfigurationName = Release;
		};
		CDC4D1E7269678D9002A556F /* Build configuration list for PBXNativeTarget "Tests macOS" */ = {
			isa = XCConfigurationList;
			buildConfigurations = (
				CDC4D1E8269678D9002A556F /* Debug */,
				CDC4D1E9269678D9002A556F /* Release */,
			);
			defaultConfigurationIsVisible = 0;
			defaultConfigurationName = Release;
		};
/* End XCConfigurationList section */
	};
	rootObject = CDC4D1A5269678D4002A556F /* Project object */;
}
